<?xml version="1.0" encoding="utf-8"?>
<Project ToolsVersion="16.0" xmlns="http://schemas.microsoft.com/developer/msbuild/2003">
  <ItemGroup>
    <CustomBuild Include="H:\appp1\appp1\CMakeFiles\cbf2c2b59fecd129e403bc99d4df1c34\INSTALL_force.rule">
      <Filter>CMake Rules</Filter>
    </CustomBuild>
  </ItemGroup>
  <ItemGroup>
    <Filter Include="CMake Rules">
      <UniqueIdentifier>{9E137ACD-742A-3265-871F-36DF074EEA1B}</UniqueIdentifier>
    </Filter>
  </ItemGroup>
</Project>
